github.com/belfinor/chash v1.0.0/go.mod h1:Q0Hg0TpTNB5LLKnvKp7sP82T4HZCxm1pgCQ0+vDN5UY=
github.com/belfinor/kvstring v1.0.0/go.mod h1:O+5roAfl1rmj8KkYu0yWlzcKL+M91Ahersh1pnIEKKw=
github.com/belfinor/lcache v1.0.4/go.mod h1:uJ1XDAWxcSn4MGdrsmzs18VfmIMOzAYg6DgeLaFiv9A=
github.com/belfinor/log v1.0.0 h1:qnMY6RKSHQ2a3NNSSACNiPy+psPT6yl8BN/iPFVo1NE=
github.com/belfinor/log v1.0.0/go.mod h1:ESWHrrqJ8wYOAdfTsdM9RKul81mmu9pYVMQBU24EZuo=
github.com/belfinor/ltime v1.0.0/go.mod h1:iDBKtP06KmqyM/SO6IqNSGJuy4/9FJWlombEjfK0QoA=
github.com/belfinor/ltime v1.0.2 h1:dGP132mDOGh39b6YZ5fgCG+DfC0VOxVLrU/lKcxtkfw=
github.com/belfinor/ltime v1.0.2/go.mod h1:YfqQmqo2G/SCMVUMJpp+8A2V2ZnzPijDILYF8xz4rIE=
github.com/davecgh/go-spew v1.1.0/go.mod h1:J7Y8YcW2NihsgmVo/mv3lAwl/skON4iLHjSsI+c5H38=
github.com/pmezard/go-difflib v1.0.0/go.mod h1:iKH77koFhYxTK1pcRnkKkqfTogsbg7gZNVY4sRDYZ/4=
github.com/stretchr/objx v0.1.0/go.mod h1:HFkY916IF+rwdDfMAkV7OtwuqBVzrE8GR6GFx+wExME=
github.com/stretchr/testify v1.4.0/go.mod h1:j7eGeouHqKxXV5pUuKE4zz7dFj8WfuZ+81PSLYec5m4=
gopkg.in/check.v1 v0.0.0-20161208181325-20d25e280405/go.mod h1:Co6ibVJAznAaIkqp8huTwlJQCZ016jof/cbN4VW5Yz0=
gopkg.in/yaml.v2 v2.2.2/go.mod h1:hI93XBmqTisBFMUTm0b8Fm+jr3Dg1NNxqwp+5A1VGuI=
